// !$*UTF8*$!
{
	archiveVersion = 1;
	classes = {
	};
	objectVersion = 46;
	objects = {

/* Begin PBXBuildFile section */
		661E409B1B60373300945177 /* WindowQueue.m in Sources */ = {isa = PBXBuildFile; fileRef = 661E409A1B60373300945177 /* WindowQueue.m */; };
		661E409D1B6179F800945177 /* IntExtension.swift in Sources */ = {isa = PBXBuildFile; fileRef = 661E409C1B6179F800945177 /* IntExtension.swift */; };
		BA37BB4BC9F84D143B5D9689 /* libPods.a in Frameworks */ = {isa = PBXBuildFile; fileRef = BD97D472B88826767A07A992 /* libPods.a */; };
		C71511C21B5DBBBE007A0D18 /* NSObjectExtension.swift in Sources */ = {isa = PBXBuildFile; fileRef = C71511C11B5DBBBE007A0D18 /* NSObjectExtension.swift */; };
		C71511C71B5DC0C4007A0D18 /* PublicUtilityWrapper.mm in Sources */ = {isa = PBXBuildFile; fileRef = C71511C61B5DC0C4007A0D18 /* PublicUtilityWrapper.mm */; };
		C71512621B5DC803007A0D18 /* CAHostTimeBase.cpp in Sources */ = {isa = PBXBuildFile; fileRef = C715121A1B5DC802007A0D18 /* CAHostTimeBase.cpp */; };
		C71512711B5DC822007A0D18 /* CoreAudio.framework in Frameworks */ = {isa = PBXBuildFile; fileRef = C71C55991B2A19A8007EDF51 /* CoreAudio.framework */; };
		C71C55781B28C390007EDF51 /* AudioToolbox.framework in Frameworks */ = {isa = PBXBuildFile; fileRef = C71C55771B28C390007EDF51 /* AudioToolbox.framework */; };
		C71C557A1B28C5C9007EDF51 /* Accelerate.framework in Frameworks */ = {isa = PBXBuildFile; fileRef = C71C55791B28C5C9007EDF51 /* Accelerate.framework */; };
		C71C557C1B28C61F007EDF51 /* DisplayViewController.swift in Sources */ = {isa = PBXBuildFile; fileRef = C71C557B1B28C61F007EDF51 /* DisplayViewController.swift */; };
		C71C55881B290539007EDF51 /* beep.aiff in Resources */ = {isa = PBXBuildFile; fileRef = C71C55851B290539007EDF51 /* beep.aiff */; };
		C71C55891B290539007EDF51 /* clap.aiff in Resources */ = {isa = PBXBuildFile; fileRef = C71C55861B290539007EDF51 /* clap.aiff */; };
		C71C558A1B290539007EDF51 /* stick.aiff in Resources */ = {isa = PBXBuildFile; fileRef = C71C55871B290539007EDF51 /* stick.aiff */; };
		C71C558C1B2909E9007EDF51 /* WebViewController.swift in Sources */ = {isa = PBXBuildFile; fileRef = C71C558B1B2909E9007EDF51 /* WebViewController.swift */; };
		C71C559D1B2A43D0007EDF51 /* Settings.mm in Sources */ = {isa = PBXBuildFile; fileRef = C71C559C1B2A43D0007EDF51 /* Settings.mm */; };
		C71C55A11B2B5D75007EDF51 /* UIColorExtensions.swift in Sources */ = {isa = PBXBuildFile; fileRef = C71C55A01B2B5D75007EDF51 /* UIColorExtensions.swift */; };
		C75DAA941B212787008FDB43 /* Foundation.framework in Frameworks */ = {isa = PBXBuildFile; fileRef = C7E77ABB1B20F4E00058523B /* Foundation.framework */; };
		C774B16C1B2BB0E3007625B3 /* UIViewExtension.swift in Sources */ = {isa = PBXBuildFile; fileRef = C774B16B1B2BB0E3007625B3 /* UIViewExtension.swift */; };
		C774B1711B2F7224007625B3 /* SongListViewController.swift in Sources */ = {isa = PBXBuildFile; fileRef = C774B1701B2F7224007625B3 /* SongListViewController.swift */; };
		C774B17A1B30F195007625B3 /* SongListCell.swift in Sources */ = {isa = PBXBuildFile; fileRef = C774B1791B30F195007625B3 /* SongListCell.swift */; };
		C774B17E1B338067007625B3 /* Updater.m in Sources */ = {isa = PBXBuildFile; fileRef = C774B17D1B338067007625B3 /* Updater.m */; };
		C774B1801B338136007625B3 /* Podfile in Resources */ = {isa = PBXBuildFile; fileRef = C774B17F1B338136007625B3 /* Podfile */; };
		C774B1821B34B240007625B3 /* StringExtension.swift in Sources */ = {isa = PBXBuildFile; fileRef = C774B1811B34B240007625B3 /* StringExtension.swift */; };
		C7A90B591B4DACAE00E4719A /* ATDCRejectionFilter.m in Sources */ = {isa = PBXBuildFile; fileRef = C7A90B551B4DACAE00E4719A /* ATDCRejectionFilter.m */; };
		C7A90B5A1B4DACAE00E4719A /* ATSoundSessionIO.m in Sources */ = {isa = PBXBuildFile; fileRef = C7A90B581B4DACAE00E4719A /* ATSoundSessionIO.m */; };
		C7A90B621B4DB84D00E4719A /* SoundProcessor.m in Sources */ = {isa = PBXBuildFile; fileRef = C7A90B611B4DB84D00E4719A /* SoundProcessor.m */; };
		C7A90B641B4DCB9600E4719A /* AVFoundation.framework in Frameworks */ = {isa = PBXBuildFile; fileRef = C7A90B631B4DCB9600E4719A /* AVFoundation.framework */; };
		C7B9C7E61B225D2700250686 /* Fabric.framework in Frameworks */ = {isa = PBXBuildFile; fileRef = C7B9C7E41B225D2700250686 /* Fabric.framework */; };
		C7B9C7E71B225D2700250686 /* Crashlytics.framework in Frameworks */ = {isa = PBXBuildFile; fileRef = C7B9C7E51B225D2700250686 /* Crashlytics.framework */; };
		C7B9C8011B27828F00250686 /* AppDelegate.swift in Sources */ = {isa = PBXBuildFile; fileRef = C7B9C7FE1B27828F00250686 /* AppDelegate.swift */; };
		C7B9C8021B27828F00250686 /* Constants.swift in Sources */ = {isa = PBXBuildFile; fileRef = C7B9C8001B27828F00250686 /* Constants.swift */; };
		C7B9C8041B2782A600250686 /* SegmentedControl.swift in Sources */ = {isa = PBXBuildFile; fileRef = C7B9C8031B2782A600250686 /* SegmentedControl.swift */; };
		C7B9C8071B2782B600250686 /* MainViewController.swift in Sources */ = {isa = PBXBuildFile; fileRef = C7B9C8061B2782B600250686 /* MainViewController.swift */; };
		C7B9C80C1B2782F400250686 /* FuturaRound-Book.ttf in Resources */ = {isa = PBXBuildFile; fileRef = C7B9C80A1B2782F400250686 /* FuturaRound-Book.ttf */; };
		C7B9C80D1B2782F400250686 /* FuturaRound-Demi.ttf in Resources */ = {isa = PBXBuildFile; fileRef = C7B9C80B1B2782F400250686 /* FuturaRound-Demi.ttf */; };
		C7C0BA3E1B38C420005B8D6D /* NumericStepper.swift in Sources */ = {isa = PBXBuildFile; fileRef = C7C0BA3D1B38C420005B8D6D /* NumericStepper.swift */; };
		C7C0BA401B38C445005B8D6D /* NumericStepper.xib in Resources */ = {isa = PBXBuildFile; fileRef = C7C0BA3F1B38C445005B8D6D /* NumericStepper.xib */; };
		C7C0BA421B38CD17005B8D6D /* UILabelExtension.swift in Sources */ = {isa = PBXBuildFile; fileRef = C7C0BA411B38CD17005B8D6D /* UILabelExtension.swift */; };
		C7C483BE1B67068C00D0053C /* SteelfishRg.ttf in Resources */ = {isa = PBXBuildFile; fileRef = C7C483BD1B67045A00D0053C /* SteelfishRg.ttf */; };
		C7CE94621B5870E200C2D582 /* CentralRing.swift in Sources */ = {isa = PBXBuildFile; fileRef = C7CE94611B5870E200C2D582 /* CentralRing.swift */; };
		C7CE94641B58710200C2D582 /* CentralRing.xib in Resources */ = {isa = PBXBuildFile; fileRef = C7CE94631B58710200C2D582 /* CentralRing.xib */; };
		C7E77A881B1D07210058523B /* Main.storyboard in Resources */ = {isa = PBXBuildFile; fileRef = C7E77A861B1D07210058523B /* Main.storyboard */; };
		C7E77A8A1B1D07210058523B /* Images.xcassets in Resources */ = {isa = PBXBuildFile; fileRef = C7E77A891B1D07210058523B /* Images.xcassets */; };
		C7E77A8D1B1D07210058523B /* LaunchScreen.xib in Resources */ = {isa = PBXBuildFile; fileRef = C7E77A8B1B1D07210058523B /* LaunchScreen.xib */; };
		C7E77AA41B1E3DCC0058523B /* SensitivitySlider.swift in Sources */ = {isa = PBXBuildFile; fileRef = C7E77AA31B1E3DCC0058523B /* SensitivitySlider.swift */; };
		C7E77AA61B1E3DDF0058523B /* SensitivitySlider.xib in Resources */ = {isa = PBXBuildFile; fileRef = C7E77AA51B1E3DDF0058523B /* SensitivitySlider.xib */; };
		C7E77AA81B1E7FEB0058523B /* QuartzCore.framework in Frameworks */ = {isa = PBXBuildFile; fileRef = C7E77AA71B1E7FEB0058523B /* QuartzCore.framework */; };
		C7E77AAB1B1F81170058523B /* NibDesignable.swift in Sources */ = {isa = PBXBuildFile; fileRef = C7E77AAA1B1F81170058523B /* NibDesignable.swift */; };
		C7E77AAD1B1FBFBC0058523B /* UIControlNibDesignable.swift in Sources */ = {isa = PBXBuildFile; fileRef = C7E77AAC1B1FBFBC0058523B /* UIControlNibDesignable.swift */; };
		C7E77AAF1B1FD37B0058523B /* Sidebar.xib in Resources */ = {isa = PBXBuildFile; fileRef = C7E77AAE1B1FD37B0058523B /* Sidebar.xib */; };
		C7E77AB11B1FD7820058523B /* Sidebar.swift in Sources */ = {isa = PBXBuildFile; fileRef = C7E77AB01B1FD7820058523B /* Sidebar.swift */; };
		C7F34E331B4E40CF00B60D29 /* EnergyFunctionQueue.m in Sources */ = {isa = PBXBuildFile; fileRef = C7F34E321B4E40CF00B60D29 /* EnergyFunctionQueue.m */; };
		C7F34E381B4F33DA00B60D29 /* CalibrationViewController.swift in Sources */ = {isa = PBXBuildFile; fileRef = C7F34E371B4F33DA00B60D29 /* CalibrationViewController.swift */; };
/* End PBXBuildFile section */

/* Begin PBXFileReference section */
		661E40991B60373300945177 /* WindowQueue.h */ = {isa = PBXFileReference; fileEncoding = 4; lastKnownFileType = sourcecode.c.h; path = WindowQueue.h; sourceTree = "<group>"; };
		661E409A1B60373300945177 /* WindowQueue.m */ = {isa = PBXFileReference; fileEncoding = 4; lastKnownFileType = sourcecode.c.objc; path = WindowQueue.m; sourceTree = "<group>"; };
		661E409C1B6179F800945177 /* IntExtension.swift */ = {isa = PBXFileReference; fileEncoding = 4; lastKnownFileType = sourcecode.swift; path = IntExtension.swift; sourceTree = "<group>"; };
		A7EE4D57B300F74DA2ED6A9B /* Pods.release.xcconfig */ = {isa = PBXFileReference; includeInIndex = 1; lastKnownFileType = text.xcconfig; name = Pods.release.xcconfig; path = "Pods/Target Support Files/Pods/Pods.release.xcconfig"; sourceTree = "<group>"; };
		BD97D472B88826767A07A992 /* libPods.a */ = {isa = PBXFileReference; explicitFileType = archive.ar; includeInIndex = 0; path = libPods.a; sourceTree = BUILT_PRODUCTS_DIR; };
		C71511C11B5DBBBE007A0D18 /* NSObjectExtension.swift */ = {isa = PBXFileReference; fileEncoding = 4; lastKnownFileType = sourcecode.swift; path = NSObjectExtension.swift; sourceTree = "<group>"; };
		C71511C51B5DC0C4007A0D18 /* PublicUtilityWrapper.h */ = {isa = PBXFileReference; fileEncoding = 4; lastKnownFileType = sourcecode.c.h; path = PublicUtilityWrapper.h; sourceTree = "<group>"; };
		C71511C61B5DC0C4007A0D18 /* PublicUtilityWrapper.mm */ = {isa = PBXFileReference; fileEncoding = 4; lastKnownFileType = sourcecode.cpp.objcpp; path = PublicUtilityWrapper.mm; sourceTree = "<group>"; };
		C715121A1B5DC802007A0D18 /* CAHostTimeBase.cpp */ = {isa = PBXFileReference; fileEncoding = 4; lastKnownFileType = sourcecode.cpp.cpp; path = CAHostTimeBase.cpp; sourceTree = "<group>"; };
		C715121B1B5DC802007A0D18 /* CAHostTimeBase.h */ = {isa = PBXFileReference; fileEncoding = 4; lastKnownFileType = sourcecode.c.h; path = CAHostTimeBase.h; sourceTree = "<group>"; };
		C71C55751B28C308007EDF51 /* AudioUnit.framework */ = {isa = PBXFileReference; lastKnownFileType = wrapper.framework; name = AudioUnit.framework; path = System/Library/Frameworks/AudioUnit.framework; sourceTree = SDKROOT; };
		C71C55771B28C390007EDF51 /* AudioToolbox.framework */ = {isa = PBXFileReference; lastKnownFileType = wrapper.framework; name = AudioToolbox.framework; path = System/Library/Frameworks/AudioToolbox.framework; sourceTree = SDKROOT; };
		C71C55791B28C5C9007EDF51 /* Accelerate.framework */ = {isa = PBXFileReference; lastKnownFileType = wrapper.framework; name = Accelerate.framework; path = System/Library/Frameworks/Accelerate.framework; sourceTree = SDKROOT; };
		C71C557B1B28C61F007EDF51 /* DisplayViewController.swift */ = {isa = PBXFileReference; fileEncoding = 4; lastKnownFileType = sourcecode.swift; path = DisplayViewController.swift; sourceTree = "<group>"; };
		C71C55851B290539007EDF51 /* beep.aiff */ = {isa = PBXFileReference; lastKnownFileType = audio.aiff; path = beep.aiff; sourceTree = "<group>"; };
		C71C55861B290539007EDF51 /* clap.aiff */ = {isa = PBXFileReference; lastKnownFileType = audio.aiff; path = clap.aiff; sourceTree = "<group>"; };
		C71C55871B290539007EDF51 /* stick.aiff */ = {isa = PBXFileReference; lastKnownFileType = audio.aiff; path = stick.aiff; sourceTree = "<group>"; };
		C71C558B1B2909E9007EDF51 /* WebViewController.swift */ = {isa = PBXFileReference; fileEncoding = 4; lastKnownFileType = sourcecode.swift; path = WebViewController.swift; sourceTree = "<group>"; };
		C71C55991B2A19A8007EDF51 /* CoreAudio.framework */ = {isa = PBXFileReference; lastKnownFileType = wrapper.framework; name = CoreAudio.framework; path = System/Library/Frameworks/CoreAudio.framework; sourceTree = SDKROOT; };
		C71C559B1B2A43D0007EDF51 /* Settings.h */ = {isa = PBXFileReference; fileEncoding = 4; lastKnownFileType = sourcecode.c.h; path = Settings.h; sourceTree = "<group>"; };
		C71C559C1B2A43D0007EDF51 /* Settings.mm */ = {isa = PBXFileReference; fileEncoding = 4; lastKnownFileType = sourcecode.cpp.objcpp; path = Settings.mm; sourceTree = "<group>"; };
		C71C55A01B2B5D75007EDF51 /* UIColorExtensions.swift */ = {isa = PBXFileReference; fileEncoding = 4; lastKnownFileType = sourcecode.swift; path = UIColorExtensions.swift; sourceTree = "<group>"; };
		C774B16B1B2BB0E3007625B3 /* UIViewExtension.swift */ = {isa = PBXFileReference; fileEncoding = 4; lastKnownFileType = sourcecode.swift; path = UIViewExtension.swift; sourceTree = "<group>"; };
		C774B1701B2F7224007625B3 /* SongListViewController.swift */ = {isa = PBXFileReference; fileEncoding = 4; lastKnownFileType = sourcecode.swift; path = SongListViewController.swift; sourceTree = "<group>"; };
		C774B1791B30F195007625B3 /* SongListCell.swift */ = {isa = PBXFileReference; fileEncoding = 4; lastKnownFileType = sourcecode.swift; name = SongListCell.swift; path = Views/SongListCell.swift; sourceTree = "<group>"; };
		C774B17C1B338067007625B3 /* Updater.h */ = {isa = PBXFileReference; fileEncoding = 4; lastKnownFileType = sourcecode.c.h; path = Updater.h; sourceTree = "<group>"; };
		C774B17D1B338067007625B3 /* Updater.m */ = {isa = PBXFileReference; fileEncoding = 4; lastKnownFileType = sourcecode.c.objc; path = Updater.m; sourceTree = "<group>"; };
		C774B17F1B338136007625B3 /* Podfile */ = {isa = PBXFileReference; fileEncoding = 4; lastKnownFileType = text; path = Podfile; sourceTree = "<group>"; xcLanguageSpecificationIdentifier = xcode.lang.ruby; };
		C774B1811B34B240007625B3 /* StringExtension.swift */ = {isa = PBXFileReference; fileEncoding = 4; lastKnownFileType = sourcecode.swift; path = StringExtension.swift; sourceTree = "<group>"; };
		C7A90B541B4DACAE00E4719A /* ATDCRejectionFilter.h */ = {isa = PBXFileReference; fileEncoding = 4; lastKnownFileType = sourcecode.c.h; path = ATDCRejectionFilter.h; sourceTree = "<group>"; };
		C7A90B551B4DACAE00E4719A /* ATDCRejectionFilter.m */ = {isa = PBXFileReference; fileEncoding = 4; lastKnownFileType = sourcecode.c.objc; path = ATDCRejectionFilter.m; sourceTree = "<group>"; };
		C7A90B561B4DACAE00E4719A /* ATOSSErrorHelpers.h */ = {isa = PBXFileReference; fileEncoding = 4; lastKnownFileType = sourcecode.c.h; path = ATOSSErrorHelpers.h; sourceTree = "<group>"; };
		C7A90B571B4DACAE00E4719A /* ATSoundSessionIO.h */ = {isa = PBXFileReference; fileEncoding = 4; lastKnownFileType = sourcecode.c.h; path = ATSoundSessionIO.h; sourceTree = "<group>"; };
		C7A90B581B4DACAE00E4719A /* ATSoundSessionIO.m */ = {isa = PBXFileReference; fileEncoding = 4; lastKnownFileType = sourcecode.c.objc; path = ATSoundSessionIO.m; sourceTree = "<group>"; };
		C7A90B601B4DB84D00E4719A /* SoundProcessor.h */ = {isa = PBXFileReference; fileEncoding = 4; lastKnownFileType = sourcecode.c.h; path = SoundProcessor.h; sourceTree = "<group>"; };
		C7A90B611B4DB84D00E4719A /* SoundProcessor.m */ = {isa = PBXFileReference; fileEncoding = 4; lastKnownFileType = sourcecode.c.objc; path = SoundProcessor.m; sourceTree = "<group>"; };
		C7A90B631B4DCB9600E4719A /* AVFoundation.framework */ = {isa = PBXFileReference; lastKnownFileType = wrapper.framework; name = AVFoundation.framework; path = System/Library/Frameworks/AVFoundation.framework; sourceTree = SDKROOT; };
		C7B9C7E41B225D2700250686 /* Fabric.framework */ = {isa = PBXFileReference; lastKnownFileType = wrapper.framework; path = Fabric.framework; sourceTree = "<group>"; };
		C7B9C7E51B225D2700250686 /* Crashlytics.framework */ = {isa = PBXFileReference; lastKnownFileType = wrapper.framework; path = Crashlytics.framework; sourceTree = "<group>"; };
		C7B9C7FE1B27828F00250686 /* AppDelegate.swift */ = {isa = PBXFileReference; fileEncoding = 4; lastKnownFileType = sourcecode.swift; path = AppDelegate.swift; sourceTree = "<group>"; };
		C7B9C7FF1B27828F00250686 /* Backbeater-Bridging-Header.h */ = {isa = PBXFileReference; fileEncoding = 4; lastKnownFileType = sourcecode.c.h; path = "Backbeater-Bridging-Header.h"; sourceTree = "<group>"; };
		C7B9C8001B27828F00250686 /* Constants.swift */ = {isa = PBXFileReference; fileEncoding = 4; lastKnownFileType = sourcecode.swift; path = Constants.swift; sourceTree = "<group>"; };
		C7B9C8031B2782A600250686 /* SegmentedControl.swift */ = {isa = PBXFileReference; fileEncoding = 4; lastKnownFileType = sourcecode.swift; name = SegmentedControl.swift; path = Views/SegmentedControl.swift; sourceTree = "<group>"; };
		C7B9C8061B2782B600250686 /* MainViewController.swift */ = {isa = PBXFileReference; fileEncoding = 4; lastKnownFileType = sourcecode.swift; path = MainViewController.swift; sourceTree = "<group>"; };
		C7B9C80A1B2782F400250686 /* FuturaRound-Book.ttf */ = {isa = PBXFileReference; lastKnownFileType = file; path = "FuturaRound-Book.ttf"; sourceTree = "<group>"; };
		C7B9C80B1B2782F400250686 /* FuturaRound-Demi.ttf */ = {isa = PBXFileReference; lastKnownFileType = file; path = "FuturaRound-Demi.ttf"; sourceTree = "<group>"; };
		C7C0BA3D1B38C420005B8D6D /* NumericStepper.swift */ = {isa = PBXFileReference; fileEncoding = 4; lastKnownFileType = sourcecode.swift; name = NumericStepper.swift; path = Views/NumericStepper.swift; sourceTree = "<group>"; };
		C7C0BA3F1B38C445005B8D6D /* NumericStepper.xib */ = {isa = PBXFileReference; fileEncoding = 4; lastKnownFileType = file.xib; name = NumericStepper.xib; path = Views/NumericStepper.xib; sourceTree = "<group>"; };
		C7C0BA411B38CD17005B8D6D /* UILabelExtension.swift */ = {isa = PBXFileReference; fileEncoding = 4; lastKnownFileType = sourcecode.swift; path = UILabelExtension.swift; sourceTree = "<group>"; };
		C7C483BD1B67045A00D0053C /* SteelfishRg.ttf */ = {isa = PBXFileReference; lastKnownFileType = file; path = SteelfishRg.ttf; sourceTree = "<group>"; };
		C7CE94611B5870E200C2D582 /* CentralRing.swift */ = {isa = PBXFileReference; fileEncoding = 4; lastKnownFileType = sourcecode.swift; name = CentralRing.swift; path = Views/CentralRing.swift; sourceTree = "<group>"; };
		C7CE94631B58710200C2D582 /* CentralRing.xib */ = {isa = PBXFileReference; fileEncoding = 4; lastKnownFileType = file.xib; path = CentralRing.xib; sourceTree = "<group>"; };
		C7E77A7D1B1D07210058523B /* Backbeater.app */ = {isa = PBXFileReference; explicitFileType = wrapper.application; includeInIndex = 0; path = Backbeater.app; sourceTree = BUILT_PRODUCTS_DIR; };
		C7E77A811B1D07210058523B /* Info.plist */ = {isa = PBXFileReference; lastKnownFileType = text.plist.xml; path = Info.plist; sourceTree = "<group>"; };
		C7E77A871B1D07210058523B /* Base */ = {isa = PBXFileReference; lastKnownFileType = file.storyboard; name = Base; path = Base.lproj/Main.storyboard; sourceTree = "<group>"; };
		C7E77A891B1D07210058523B /* Images.xcassets */ = {isa = PBXFileReference; lastKnownFileType = folder.assetcatalog; path = Images.xcassets; sourceTree = "<group>"; };
		C7E77A8C1B1D07210058523B /* Base */ = {isa = PBXFileReference; lastKnownFileType = file.xib; name = Base; path = Base.lproj/LaunchScreen.xib; sourceTree = "<group>"; };
		C7E77AA31B1E3DCC0058523B /* SensitivitySlider.swift */ = {isa = PBXFileReference; fileEncoding = 4; lastKnownFileType = sourcecode.swift; name = SensitivitySlider.swift; path = Views/SensitivitySlider.swift; sourceTree = "<group>"; };
		C7E77AA51B1E3DDF0058523B /* SensitivitySlider.xib */ = {isa = PBXFileReference; fileEncoding = 4; lastKnownFileType = file.xib; name = SensitivitySlider.xib; path = Views/SensitivitySlider.xib; sourceTree = "<group>"; };
		C7E77AA71B1E7FEB0058523B /* QuartzCore.framework */ = {isa = PBXFileReference; lastKnownFileType = wrapper.framework; name = QuartzCore.framework; path = System/Library/Frameworks/QuartzCore.framework; sourceTree = SDKROOT; };
		C7E77AAA1B1F81170058523B /* NibDesignable.swift */ = {isa = PBXFileReference; fileEncoding = 4; lastKnownFileType = sourcecode.swift; path = NibDesignable.swift; sourceTree = "<group>"; };
		C7E77AAC1B1FBFBC0058523B /* UIControlNibDesignable.swift */ = {isa = PBXFileReference; fileEncoding = 4; lastKnownFileType = sourcecode.swift; path = UIControlNibDesignable.swift; sourceTree = "<group>"; };
		C7E77AAE1B1FD37B0058523B /* Sidebar.xib */ = {isa = PBXFileReference; fileEncoding = 4; lastKnownFileType = file.xib; name = Sidebar.xib; path = Views/Sidebar.xib; sourceTree = "<group>"; };
		C7E77AB01B1FD7820058523B /* Sidebar.swift */ = {isa = PBXFileReference; fileEncoding = 4; lastKnownFileType = sourcecode.swift; name = Sidebar.swift; path = Views/Sidebar.swift; sourceTree = "<group>"; };
		C7E77AB91B20F4C90058523B /* UIKit.framework */ = {isa = PBXFileReference; lastKnownFileType = wrapper.framework; name = UIKit.framework; path = System/Library/Frameworks/UIKit.framework; sourceTree = SDKROOT; };
		C7E77ABB1B20F4E00058523B /* Foundation.framework */ = {isa = PBXFileReference; lastKnownFileType = wrapper.framework; name = Foundation.framework; path = System/Library/Frameworks/Foundation.framework; sourceTree = SDKROOT; };
		C7F34E311B4E40CF00B60D29 /* EnergyFunctionQueue.h */ = {isa = PBXFileReference; fileEncoding = 4; lastKnownFileType = sourcecode.c.h; path = EnergyFunctionQueue.h; sourceTree = "<group>"; };
		C7F34E321B4E40CF00B60D29 /* EnergyFunctionQueue.m */ = {isa = PBXFileReference; fileEncoding = 4; lastKnownFileType = sourcecode.c.objc; path = EnergyFunctionQueue.m; sourceTree = "<group>"; };
		C7F34E371B4F33DA00B60D29 /* CalibrationViewController.swift */ = {isa = PBXFileReference; fileEncoding = 4; lastKnownFileType = sourcecode.swift; path = CalibrationViewController.swift; sourceTree = "<group>"; };
		FEA891A245A8A2058FE6E340 /* Pods.debug.xcconfig */ = {isa = PBXFileReference; includeInIndex = 1; lastKnownFileType = text.xcconfig; name = Pods.debug.xcconfig; path = "Pods/Target Support Files/Pods/Pods.debug.xcconfig"; sourceTree = "<group>"; };
/* End PBXFileReference section */

/* Begin PBXFrameworksBuildPhase section */
		C7E77A7A1B1D07210058523B /* Frameworks */ = {
			isa = PBXFrameworksBuildPhase;
			buildActionMask = 2147483647;
			files = (
				C71512711B5DC822007A0D18 /* CoreAudio.framework in Frameworks */,
				C7A90B641B4DCB9600E4719A /* AVFoundation.framework in Frameworks */,
				C71C557A1B28C5C9007EDF51 /* Accelerate.framework in Frameworks */,
				C71C55781B28C390007EDF51 /* AudioToolbox.framework in Frameworks */,
				C75DAA941B212787008FDB43 /* Foundation.framework in Frameworks */,
				C7B9C7E71B225D2700250686 /* Crashlytics.framework in Frameworks */,
				C7E77AA81B1E7FEB0058523B /* QuartzCore.framework in Frameworks */,
				C7B9C7E61B225D2700250686 /* Fabric.framework in Frameworks */,
				BA37BB4BC9F84D143B5D9689 /* libPods.a in Frameworks */,
			);
			runOnlyForDeploymentPostprocessing = 0;
		};
/* End PBXFrameworksBuildPhase section */

/* Begin PBXGroup section */
		550D132ADA81F391F4746002 /* Frameworks */ = {
			isa = PBXGroup;
			children = (
				C7A90B631B4DCB9600E4719A /* AVFoundation.framework */,
				C71C55991B2A19A8007EDF51 /* CoreAudio.framework */,
				C71C55791B28C5C9007EDF51 /* Accelerate.framework */,
				C71C55771B28C390007EDF51 /* AudioToolbox.framework */,
				C71C55751B28C308007EDF51 /* AudioUnit.framework */,
				C7B9C7E41B225D2700250686 /* Fabric.framework */,
				C7B9C7E51B225D2700250686 /* Crashlytics.framework */,
				C7E77ABB1B20F4E00058523B /* Foundation.framework */,
				C7E77AB91B20F4C90058523B /* UIKit.framework */,
				C7E77AA71B1E7FEB0058523B /* QuartzCore.framework */,
				BD97D472B88826767A07A992 /* libPods.a */,
			);
			name = Frameworks;
			sourceTree = "<group>";
		};
		8A9AA71583F779872616846C /* Pods */ = {
			isa = PBXGroup;
			children = (
				FEA891A245A8A2058FE6E340 /* Pods.debug.xcconfig */,
				A7EE4D57B300F74DA2ED6A9B /* Pods.release.xcconfig */,
			);
			name = Pods;
			sourceTree = "<group>";
		};
		C71511CA1B5DC802007A0D18 /* PublicUtility */ = {
			isa = PBXGroup;
			children = (
				C715121A1B5DC802007A0D18 /* CAHostTimeBase.cpp */,
				C715121B1B5DC802007A0D18 /* CAHostTimeBase.h */,
			);
			path = PublicUtility;
			sourceTree = "<group>";
		};
		C71C557F1B28FF71007EDF51 /* Extensions */ = {
			isa = PBXGroup;
			children = (
				C71C55A01B2B5D75007EDF51 /* UIColorExtensions.swift */,
				C774B16B1B2BB0E3007625B3 /* UIViewExtension.swift */,
				C774B1811B34B240007625B3 /* StringExtension.swift */,
				C7C0BA411B38CD17005B8D6D /* UILabelExtension.swift */,
				C71511C11B5DBBBE007A0D18 /* NSObjectExtension.swift */,
				661E409C1B6179F800945177 /* IntExtension.swift */,
			);
			path = Extensions;
			sourceTree = "<group>";
		};
		C71C55841B290539007EDF51 /* Sound */ = {
			isa = PBXGroup;
			children = (
				C71C55851B290539007EDF51 /* beep.aiff */,
				C71C55861B290539007EDF51 /* clap.aiff */,
				C71C55871B290539007EDF51 /* stick.aiff */,
			);
			path = Sound;
			sourceTree = "<group>";
		};
		C774B17B1B338067007625B3 /* Updater */ = {
			isa = PBXGroup;
			children = (
				C774B17C1B338067007625B3 /* Updater.h */,
				C774B17D1B338067007625B3 /* Updater.m */,
			);
			path = Updater;
			sourceTree = "<group>";
		};
		C7A90B521B4DACAE00E4719A /* SoundWaveVisualiser */ = {
			isa = PBXGroup;
			children = (
				C7A90B531B4DACAE00E4719A /* sound session */,
			);
			path = SoundWaveVisualiser;
			sourceTree = "<group>";
		};
		C7A90B531B4DACAE00E4719A /* sound session */ = {
			isa = PBXGroup;
			children = (
				C7A90B541B4DACAE00E4719A /* ATDCRejectionFilter.h */,
				C7A90B551B4DACAE00E4719A /* ATDCRejectionFilter.m */,
				C7A90B561B4DACAE00E4719A /* ATOSSErrorHelpers.h */,
				C7A90B571B4DACAE00E4719A /* ATSoundSessionIO.h */,
				C7A90B581B4DACAE00E4719A /* ATSoundSessionIO.m */,
			);
			path = "sound session";
			sourceTree = "<group>";
		};
		C7B9C7FD1B27828F00250686 /* App */ = {
			isa = PBXGroup;
			children = (
				C7B9C7FE1B27828F00250686 /* AppDelegate.swift */,
				C7B9C8001B27828F00250686 /* Constants.swift */,
				C7B9C7FF1B27828F00250686 /* Backbeater-Bridging-Header.h */,
			);
			path = App;
			sourceTree = "<group>";
		};
		C7B9C8051B2782B600250686 /* Controllers */ = {
			isa = PBXGroup;
			children = (
				C7E77A861B1D07210058523B /* Main.storyboard */,
				C7B9C8061B2782B600250686 /* MainViewController.swift */,
				C71C557B1B28C61F007EDF51 /* DisplayViewController.swift */,
				C71C558B1B2909E9007EDF51 /* WebViewController.swift */,
				C774B1701B2F7224007625B3 /* SongListViewController.swift */,
				C7F34E371B4F33DA00B60D29 /* CalibrationViewController.swift */,
			);
			path = Controllers;
			sourceTree = "<group>";
		};
		C7B9C8081B2782F300250686 /* Resources */ = {
			isa = PBXGroup;
			children = (
				C71C55841B290539007EDF51 /* Sound */,
				C7B9C8091B2782F400250686 /* Fonts */,
			);
			path = Resources;
			sourceTree = "<group>";
		};
		C7B9C8091B2782F400250686 /* Fonts */ = {
			isa = PBXGroup;
			children = (
				C7C483BD1B67045A00D0053C /* SteelfishRg.ttf */,
				C7B9C80A1B2782F400250686 /* FuturaRound-Book.ttf */,
				C7B9C80B1B2782F400250686 /* FuturaRound-Demi.ttf */,
			);
			path = Fonts;
			sourceTree = "<group>";
		};
		C7B9C80E1B27836C00250686 /* SoundLib */ = {
			isa = PBXGroup;
			children = (
				661E40991B60373300945177 /* WindowQueue.h */,
				661E409A1B60373300945177 /* WindowQueue.m */,
				C71C559B1B2A43D0007EDF51 /* Settings.h */,
				C71C559C1B2A43D0007EDF51 /* Settings.mm */,
				C7A90B601B4DB84D00E4719A /* SoundProcessor.h */,
				C7A90B611B4DB84D00E4719A /* SoundProcessor.m */,
				C7F34E311B4E40CF00B60D29 /* EnergyFunctionQueue.h */,
				C7F34E321B4E40CF00B60D29 /* EnergyFunctionQueue.m */,
				C71511C51B5DC0C4007A0D18 /* PublicUtilityWrapper.h */,
				C71511C61B5DC0C4007A0D18 /* PublicUtilityWrapper.mm */,
			);
			path = SoundLib;
			sourceTree = "<group>";
		};
		C7E77A741B1D07210058523B = {
			isa = PBXGroup;
			children = (
				C7E77A7F1B1D07210058523B /* Backbeater */,
				C7E77A7E1B1D07210058523B /* Products */,
				550D132ADA81F391F4746002 /* Frameworks */,
				8A9AA71583F779872616846C /* Pods */,
				C774B17F1B338136007625B3 /* Podfile */,
			);
			sourceTree = "<group>";
		};
		C7E77A7E1B1D07210058523B /* Products */ = {
			isa = PBXGroup;
			children = (
				C7E77A7D1B1D07210058523B /* Backbeater.app */,
			);
			name = Products;
			sourceTree = "<group>";
		};
		C7E77A7F1B1D07210058523B /* Backbeater */ = {
			isa = PBXGroup;
			children = (
				C71C557F1B28FF71007EDF51 /* Extensions */,
				C7B9C7FD1B27828F00250686 /* App */,
				C7E77AA91B1F81170058523B /* Libs */,
				C7E77AA21B1E3D800058523B /* Views */,
				C7B9C8051B2782B600250686 /* Controllers */,
				C7E77A891B1D07210058523B /* Images.xcassets */,
				C7B9C80E1B27836C00250686 /* SoundLib */,
				C7B9C8081B2782F300250686 /* Resources */,
				C7E77A801B1D07210058523B /* Supporting Files */,
			);
			path = Backbeater;
			sourceTree = "<group>";
		};
		C7E77A801B1D07210058523B /* Supporting Files */ = {
			isa = PBXGroup;
			children = (
				C7E77A811B1D07210058523B /* Info.plist */,
			);
			name = "Supporting Files";
			sourceTree = "<group>";
		};
		C7E77AA21B1E3D800058523B /* Views */ = {
			isa = PBXGroup;
			children = (
				C7E77A8B1B1D07210058523B /* LaunchScreen.xib */,
				C7E77AA31B1E3DCC0058523B /* SensitivitySlider.swift */,
				C7E77AA51B1E3DDF0058523B /* SensitivitySlider.xib */,
				C7E77AAE1B1FD37B0058523B /* Sidebar.xib */,
				C7E77AB01B1FD7820058523B /* Sidebar.swift */,
				C7B9C8031B2782A600250686 /* SegmentedControl.swift */,
				C774B1791B30F195007625B3 /* SongListCell.swift */,
				C7C0BA3D1B38C420005B8D6D /* NumericStepper.swift */,
				C7C0BA3F1B38C445005B8D6D /* NumericStepper.xib */,
				C7CE94611B5870E200C2D582 /* CentralRing.swift */,
				C7CE94631B58710200C2D582 /* CentralRing.xib */,
			);
			name = Views;
			sourceTree = "<group>";
		};
		C7E77AA91B1F81170058523B /* Libs */ = {
			isa = PBXGroup;
			children = (
				C7E77AAC1B1FBFBC0058523B /* UIControlNibDesignable.swift */,
				C7E77AAA1B1F81170058523B /* NibDesignable.swift */,
				C7A90B521B4DACAE00E4719A /* SoundWaveVisualiser */,
				C774B17B1B338067007625B3 /* Updater */,
				C71511CA1B5DC802007A0D18 /* PublicUtility */,
			);
			path = Libs;
			sourceTree = "<group>";
		};
/* End PBXGroup section */

/* Begin PBXNativeTarget section */
		C7E77A7C1B1D07210058523B /* Backbeater */ = {
			isa = PBXNativeTarget;
			buildConfigurationList = C7E77A9C1B1D07210058523B /* Build configuration list for PBXNativeTarget "Backbeater" */;
			buildPhases = (
				9C1D80A9E3EADFA71145FB29 /* Check Pods Manifest.lock */,
				C7E77A791B1D07210058523B /* Sources */,
				C7E77A7A1B1D07210058523B /* Frameworks */,
				C7E77A7B1B1D07210058523B /* Resources */,
				C75DAA951B221C77008FDB43 /* ShellScript */,
				C7B9C7E31B225CD200250686 /* ShellScript */,
				FB1934F3070654E9CE64DAF5 /* Copy Pods Resources */,
			);
			buildRules = (
			);
			dependencies = (
			);
			name = Backbeater;
			productName = Backbeater;
			productReference = C7E77A7D1B1D07210058523B /* Backbeater.app */;
			productType = "com.apple.product-type.application";
		};
/* End PBXNativeTarget section */

/* Begin PBXProject section */
		C7E77A751B1D07210058523B /* Project object */ = {
			isa = PBXProject;
			attributes = {
				LastUpgradeCheck = 0640;
				ORGANIZATIONNAME = "Samsung Accelerator";
				TargetAttributes = {
					C7E77A7C1B1D07210058523B = {
						CreatedOnToolsVersion = 6.3.2;
						DevelopmentTeam = 52RQYE3ZLS;
					};
				};
			};
			buildConfigurationList = C7E77A781B1D07210058523B /* Build configuration list for PBXProject "Backbeater" */;
			compatibilityVersion = "Xcode 3.2";
			developmentRegion = English;
			hasScannedForEncodings = 0;
			knownRegions = (
				en,
				Base,
			);
			mainGroup = C7E77A741B1D07210058523B;
			productRefGroup = C7E77A7E1B1D07210058523B /* Products */;
			projectDirPath = "";
			projectRoot = "";
			targets = (
				C7E77A7C1B1D07210058523B /* Backbeater */,
			);
		};
/* End PBXProject section */

/* Begin PBXResourcesBuildPhase section */
		C7E77A7B1B1D07210058523B /* Resources */ = {
			isa = PBXResourcesBuildPhase;
			buildActionMask = 2147483647;
			files = (
				C7C483BE1B67068C00D0053C /* SteelfishRg.ttf in Resources */,
				C71C55891B290539007EDF51 /* clap.aiff in Resources */,
				C7C0BA401B38C445005B8D6D /* NumericStepper.xib in Resources */,
				C7E77AA61B1E3DDF0058523B /* SensitivitySlider.xib in Resources */,
				C71C55881B290539007EDF51 /* beep.aiff in Resources */,
				C7E77A881B1D07210058523B /* Main.storyboard in Resources */,
				C71C558A1B290539007EDF51 /* stick.aiff in Resources */,
				C7E77A8D1B1D07210058523B /* LaunchScreen.xib in Resources */,
				C7CE94641B58710200C2D582 /* CentralRing.xib in Resources */,
				C7B9C80C1B2782F400250686 /* FuturaRound-Book.ttf in Resources */,
				C7E77A8A1B1D07210058523B /* Images.xcassets in Resources */,
				C7E77AAF1B1FD37B0058523B /* Sidebar.xib in Resources */,
				C7B9C80D1B2782F400250686 /* FuturaRound-Demi.ttf in Resources */,
				C774B1801B338136007625B3 /* Podfile in Resources */,
			);
			runOnlyForDeploymentPostprocessing = 0;
		};
/* End PBXResourcesBuildPhase section */

/* Begin PBXShellScriptBuildPhase section */
		9C1D80A9E3EADFA71145FB29 /* Check Pods Manifest.lock */ = {
			isa = PBXShellScriptBuildPhase;
			buildActionMask = 2147483647;
			files = (
			);
			inputPaths = (
			);
			name = "Check Pods Manifest.lock";
			outputPaths = (
			);
			runOnlyForDeploymentPostprocessing = 0;
			shellPath = /bin/sh;
			shellScript = "diff \"${PODS_ROOT}/../Podfile.lock\" \"${PODS_ROOT}/Manifest.lock\" > /dev/null\nif [[ $? != 0 ]] ; then\n    cat << EOM\nerror: The sandbox is not in sync with the Podfile.lock. Run 'pod install' or update your CocoaPods installation.\nEOM\n    exit 1\nfi\n";
			showEnvVarsInLog = 0;
		};
		C75DAA951B221C77008FDB43 /* ShellScript */ = {
			isa = PBXShellScriptBuildPhase;
			buildActionMask = 2147483647;
			files = (
			);
			inputPaths = (
			);
			outputPaths = (
			);
			runOnlyForDeploymentPostprocessing = 0;
			shellPath = /bin/sh;
			shellScript = "buildNumber=$(/usr/libexec/PlistBuddy -c \"Print CFBundleVersion\" \"$INFOPLIST_FILE\")\nbuildNumber=$(($buildNumber + 1))\n/usr/libexec/PlistBuddy -c \"Set :CFBundleVersion $buildNumber\" \"$INFOPLIST_FILE\"";
		};
		C7B9C7E31B225CD200250686 /* ShellScript */ = {
			isa = PBXShellScriptBuildPhase;
			buildActionMask = 2147483647;
			files = (
			);
			inputPaths = (
			);
			outputPaths = (
			);
			runOnlyForDeploymentPostprocessing = 0;
			shellPath = /bin/sh;
			shellScript = "./Fabric.framework/run 2005672959a305e58471f44a4dc2d921baa415aa 5eed7f1a8bcbd18d2739d66f7c54c30fec116dbbfe6b8b6343506bb3b917693b";
		};
		FB1934F3070654E9CE64DAF5 /* Copy Pods Resources */ = {
			isa = PBXShellScriptBuildPhase;
			buildActionMask = 2147483647;
			files = (
			);
			inputPaths = (
			);
			name = "Copy Pods Resources";
			outputPaths = (
			);
			runOnlyForDeploymentPostprocessing = 0;
			shellPath = /bin/sh;
			shellScript = "\"${SRCROOT}/Pods/Target Support Files/Pods/Pods-resources.sh\"\n";
			showEnvVarsInLog = 0;
		};
/* End PBXShellScriptBuildPhase section */

/* Begin PBXSourcesBuildPhase section */
		C7E77A791B1D07210058523B /* Sources */ = {
			isa = PBXSourcesBuildPhase;
			buildActionMask = 2147483647;
			files = (
				C71512621B5DC803007A0D18 /* CAHostTimeBase.cpp in Sources */,
				C7A90B5A1B4DACAE00E4719A /* ATSoundSessionIO.m in Sources */,
				C7F34E381B4F33DA00B60D29 /* CalibrationViewController.swift in Sources */,
				C71C557C1B28C61F007EDF51 /* DisplayViewController.swift in Sources */,
				C774B1711B2F7224007625B3 /* SongListViewController.swift in Sources */,
				661E409B1B60373300945177 /* WindowQueue.m in Sources */,
				C71511C71B5DC0C4007A0D18 /* PublicUtilityWrapper.mm in Sources */,
				C7B9C8011B27828F00250686 /* AppDelegate.swift in Sources */,
				C7C0BA421B38CD17005B8D6D /* UILabelExtension.swift in Sources */,
				C7B9C8041B2782A600250686 /* SegmentedControl.swift in Sources */,
				C7E77AAB1B1F81170058523B /* NibDesignable.swift in Sources */,
				C7E77AAD1B1FBFBC0058523B /* UIControlNibDesignable.swift in Sources */,
				C7A90B621B4DB84D00E4719A /* SoundProcessor.m in Sources */,
				C7F34E331B4E40CF00B60D29 /* EnergyFunctionQueue.m in Sources */,
				C774B16C1B2BB0E3007625B3 /* UIViewExtension.swift in Sources */,
				C774B17A1B30F195007625B3 /* SongListCell.swift in Sources */,
				C71511C21B5DBBBE007A0D18 /* NSObjectExtension.swift in Sources */,
				C7C0BA3E1B38C420005B8D6D /* NumericStepper.swift in Sources */,
				C7E77AA41B1E3DCC0058523B /* SensitivitySlider.swift in Sources */,
				C7E77AB11B1FD7820058523B /* Sidebar.swift in Sources */,
				C71C558C1B2909E9007EDF51 /* WebViewController.swift in Sources */,
				C7A90B591B4DACAE00E4719A /* ATDCRejectionFilter.m in Sources */,
				C7B9C8021B27828F00250686 /* Constants.swift in Sources */,
				661E409D1B6179F800945177 /* IntExtension.swift in Sources */,
				C71C559D1B2A43D0007EDF51 /* Settings.mm in Sources */,
				C71C55A11B2B5D75007EDF51 /* UIColorExtensions.swift in Sources */,
				C774B17E1B338067007625B3 /* Updater.m in Sources */,
				C774B1821B34B240007625B3 /* StringExtension.swift in Sources */,
				C7CE94621B5870E200C2D582 /* CentralRing.swift in Sources */,
				C7B9C8071B2782B600250686 /* MainViewController.swift in Sources */,
			);
			runOnlyForDeploymentPostprocessing = 0;
		};
/* End PBXSourcesBuildPhase section */

/* Begin PBXVariantGroup section */
		C7E77A861B1D07210058523B /* Main.storyboard */ = {
			isa = PBXVariantGroup;
			children = (
				C7E77A871B1D07210058523B /* Base */,
			);
			name = Main.storyboard;
			path = ..;
			sourceTree = "<group>";
		};
		C7E77A8B1B1D07210058523B /* LaunchScreen.xib */ = {
			isa = PBXVariantGroup;
			children = (
				C7E77A8C1B1D07210058523B /* Base */,
			);
			name = LaunchScreen.xib;
			sourceTree = "<group>";
		};
/* End PBXVariantGroup section */

/* Begin XCBuildConfiguration section */
		C7E77A9A1B1D07210058523B /* Debug */ = {
			isa = XCBuildConfiguration;
			baseConfigurationReference = FEA891A245A8A2058FE6E340 /* Pods.debug.xcconfig */;
			buildSettings = {
				ALWAYS_SEARCH_USER_PATHS = NO;
				CLANG_CXX_LANGUAGE_STANDARD = "gnu++0x";
				CLANG_CXX_LIBRARY = "libc++";
				CLANG_ENABLE_MODULES = YES;
				CLANG_ENABLE_OBJC_ARC = YES;
				CLANG_WARN_BOOL_CONVERSION = YES;
				CLANG_WARN_CONSTANT_CONVERSION = YES;
				CLANG_WARN_DIRECT_OBJC_ISA_USAGE = YES_ERROR;
				CLANG_WARN_EMPTY_BODY = YES;
				CLANG_WARN_ENUM_CONVERSION = YES;
				CLANG_WARN_INT_CONVERSION = YES;
				CLANG_WARN_OBJC_ROOT_CLASS = YES_ERROR;
				CLANG_WARN_UNREACHABLE_CODE = YES;
				CLANG_WARN__DUPLICATE_METHOD_MATCH = YES;
				"CODE_SIGN_IDENTITY[sdk=iphoneos*]" = "iPhone Developer";
				COPY_PHASE_STRIP = NO;
				DEBUG_INFORMATION_FORMAT = "dwarf-with-dsym";
				DEFINES_MODULE = YES;
				ENABLE_STRICT_OBJC_MSGSEND = YES;
				GCC_C_LANGUAGE_STANDARD = gnu99;
				GCC_DYNAMIC_NO_PIC = NO;
				GCC_NO_COMMON_BLOCKS = YES;
				GCC_OPTIMIZATION_LEVEL = 0;
				GCC_PREPROCESSOR_DEFINITIONS = (
					"DEBUG=1",
					"$(inherited)",
				);
				GCC_SYMBOLS_PRIVATE_EXTERN = NO;
				GCC_WARN_64_TO_32_BIT_CONVERSION = YES;
				GCC_WARN_ABOUT_RETURN_TYPE = YES_ERROR;
				GCC_WARN_UNDECLARED_SELECTOR = YES;
				GCC_WARN_UNINITIALIZED_AUTOS = YES_AGGRESSIVE;
				GCC_WARN_UNUSED_FUNCTION = YES;
				GCC_WARN_UNUSED_VARIABLE = YES;
				IPHONEOS_DEPLOYMENT_TARGET = 7.0;
				MTL_ENABLE_DEBUG_INFO = YES;
				ONLY_ACTIVE_ARCH = NO;
				SDKROOT = iphoneos;
				SWIFT_OPTIMIZATION_LEVEL = "-Onone";
				TARGETED_DEVICE_FAMILY = "1,2";
			};
			name = Debug;
		};
		C7E77A9B1B1D07210058523B /* Release */ = {
			isa = XCBuildConfiguration;
			baseConfigurationReference = A7EE4D57B300F74DA2ED6A9B /* Pods.release.xcconfig */;
			buildSettings = {
				ALWAYS_SEARCH_USER_PATHS = NO;
				CLANG_CXX_LANGUAGE_STANDARD = "gnu++0x";
				CLANG_CXX_LIBRARY = "libc++";
				CLANG_ENABLE_MODULES = YES;
				CLANG_ENABLE_OBJC_ARC = YES;
				CLANG_WARN_BOOL_CONVERSION = YES;
				CLANG_WARN_CONSTANT_CONVERSION = YES;
				CLANG_WARN_DIRECT_OBJC_ISA_USAGE = YES_ERROR;
				CLANG_WARN_EMPTY_BODY = YES;
				CLANG_WARN_ENUM_CONVERSION = YES;
				CLANG_WARN_INT_CONVERSION = YES;
				CLANG_WARN_OBJC_ROOT_CLASS = YES_ERROR;
				CLANG_WARN_UNREACHABLE_CODE = YES;
				CLANG_WARN__DUPLICATE_METHOD_MATCH = YES;
				"CODE_SIGN_IDENTITY[sdk=iphoneos*]" = "iPhone Developer";
				COPY_PHASE_STRIP = NO;
				DEBUG_INFORMATION_FORMAT = "dwarf-with-dsym";
				DEFINES_MODULE = YES;
				ENABLE_NS_ASSERTIONS = NO;
				ENABLE_STRICT_OBJC_MSGSEND = YES;
				GCC_C_LANGUAGE_STANDARD = gnu99;
				GCC_NO_COMMON_BLOCKS = YES;
				GCC_WARN_64_TO_32_BIT_CONVERSION = YES;
				GCC_WARN_ABOUT_RETURN_TYPE = YES_ERROR;
				GCC_WARN_UNDECLARED_SELECTOR = YES;
				GCC_WARN_UNINITIALIZED_AUTOS = YES_AGGRESSIVE;
				GCC_WARN_UNUSED_FUNCTION = YES;
				GCC_WARN_UNUSED_VARIABLE = YES;
				IPHONEOS_DEPLOYMENT_TARGET = 7.0;
				MTL_ENABLE_DEBUG_INFO = NO;
				SDKROOT = iphoneos;
				TARGETED_DEVICE_FAMILY = "1,2";
				VALIDATE_PRODUCT = YES;
			};
			name = Release;
		};
		C7E77A9D1B1D07210058523B /* Debug */ = {
			isa = XCBuildConfiguration;
			baseConfigurationReference = FEA891A245A8A2058FE6E340 /* Pods.debug.xcconfig */;
			buildSettings = {
				ASSETCATALOG_COMPILER_APPICON_NAME = AppIcon;
				BUNDLE_DISPLAY_NAME_SUFFIX = Debug;
				BUNDLE_ID_SUFFIX = .debug;
				CODE_SIGN_IDENTITY = "iPhone Developer";
				DEFINES_MODULE = YES;
				FRAMEWORK_SEARCH_PATHS = (
					"$(inherited)",
					"$(PROJECT_DIR)",
				);
				GCC_NO_COMMON_BLOCKS = NO;
				INFOPLIST_FILE = Backbeater/Info.plist;
				IPHONEOS_DEPLOYMENT_TARGET = 7.0;
				LD_RUNPATH_SEARCH_PATHS = "$(inherited) @executable_path/Frameworks";
				LIBRARY_SEARCH_PATHS = "$(inherited)";
				ONLY_ACTIVE_ARCH = NO;
				OTHER_CFLAGS = (
					"$(inherited)",
					"-x",
					"objective-c++",
				);
				OTHER_LDFLAGS = (
					"$(inherited)",
					"-ObjC",
				);
				PRODUCT_NAME = "$(TARGET_NAME)";
				SWIFT_OBJC_BRIDGING_HEADER = "$(SRCROOT)/Backbeater/App/Backbeater-Bridging-Header.h";
				USER_HEADER_SEARCH_PATHS = "${PROJECT_DIR}/SoundLib/**";
				VALID_ARCHS = "armv7 armv7s arm64";
			};
			name = Debug;
		};
		C7E77A9E1B1D07210058523B /* Release */ = {
			isa = XCBuildConfiguration;
			baseConfigurationReference = A7EE4D57B300F74DA2ED6A9B /* Pods.release.xcconfig */;
			buildSettings = {
				ASSETCATALOG_COMPILER_APPICON_NAME = AppIcon;
				BUNDLE_DISPLAY_NAME_SUFFIX = "";
				BUNDLE_ID_SUFFIX = "";
				CODE_SIGN_IDENTITY = "iPhone Developer";
				DEFINES_MODULE = YES;
				FRAMEWORK_SEARCH_PATHS = (
					"$(inherited)",
					"$(PROJECT_DIR)",
				);
				GCC_NO_COMMON_BLOCKS = NO;
				GCC_PREPROCESSOR_DEFINITIONS = "$(inherited)";
				INFOPLIST_FILE = Backbeater/Info.plist;
				IPHONEOS_DEPLOYMENT_TARGET = 7.0;
				LD_RUNPATH_SEARCH_PATHS = "$(inherited) @executable_path/Frameworks";
				LIBRARY_SEARCH_PATHS = "$(inherited)";
				OTHER_CFLAGS = (
					"$(inherited)",
					"-x",
					"objective-c++",
				);
				OTHER_LDFLAGS = (
					"$(inherited)",
					"-ObjC",
				);
				PRODUCT_NAME = "$(TARGET_NAME)";
				SWIFT_OBJC_BRIDGING_HEADER = "$(SRCROOT)/Backbeater/App/Backbeater-Bridging-Header.h";
				USER_HEADER_SEARCH_PATHS = "${PROJECT_DIR}/SoundLib/**";
				VALID_ARCHS = "armv7 armv7s arm64";
			};
			name = Release;
		};
/* End XCBuildConfiguration section */

/* Begin XCConfigurationList section */
		C7E77A781B1D07210058523B /* Build configuration list for PBXProject "Backbeater" */ = {
			isa = XCConfigurationList;
			buildConfigurations = (
				C7E77A9A1B1D07210058523B /* Debug */,
				C7E77A9B1B1D07210058523B /* Release */,
			);
			defaultConfigurationIsVisible = 0;
			defaultConfigurationName = Release;
		};
		C7E77A9C1B1D07210058523B /* Build configuration list for PBXNativeTarget "Backbeater" */ = {
			isa = XCConfigurationList;
			buildConfigurations = (
				C7E77A9D1B1D07210058523B /* Debug */,
				C7E77A9E1B1D07210058523B /* Release */,
			);
			defaultConfigurationIsVisible = 0;
			defaultConfigurationName = Release;
		};
/* End XCConfigurationList section */
	};
	rootObject = C7E77A751B1D07210058523B /* Project object */;
}
